# platform: linux-64
# env_hash: 6fe0662c0eac4047a3f5271bf99f94f05ee5e19b53d56272e27c11ef64ea4f4c
@EXPLICIT
https://conda.anaconda.org/conda-forge/linux-64/_libgcc_mutex-0.1-conda_forge.tar.bz2#d7c89558ba9fa0495403155b64376d81
https://conda.anaconda.org/conda-forge/linux-64/ca-certificates-2020.12.5-ha878542_0.tar.bz2#7eb5d4ffeee663caa1635cd67071bc1b
https://conda.anaconda.org/omnia/linux-64/fftw3f-3.3.4-2.tar.bz2#b29dfdc25e0e2ed4490f56bba594abf8
https://conda.anaconda.org/conda-forge/linux-64/ld_impl_linux-64-2.35.1-hea4e1c9_2.tar.bz2#83610dba766a186bdc7a116053b782a4
https://conda.anaconda.org/conda-forge/linux-64/libgfortran5-9.3.0-hff62375_18.tar.bz2#86a1cade1bc2b99a6419ba980f730bff
https://conda.anaconda.org/conda-forge/linux-64/libstdcxx-ng-9.3.0-h6de172a_18.tar.bz2#2f03cd1e5c966d4af5822c7ae089ab03
https://conda.anaconda.org/conda-forge/linux-64/utfcpp-3.1.2-0.tar.bz2#041be31912bd1807b2884b0819385c25
https://conda.anaconda.org/conda-forge/linux-64/libgfortran-ng-9.3.0-hff62375_18.tar.bz2#db417845fae12a62b6720f09f51ab6a7
https://conda.anaconda.org/conda-forge/linux-64/libgomp-9.3.0-h2828fa1_18.tar.bz2#fc7a2a7e6a741c8afdd764715ac7039d
https://conda.anaconda.org/conda-forge/linux-64/_openmp_mutex-4.5-1_gnu.tar.bz2#561e277319a41d4f24f5c05a9ef63c04
https://conda.anaconda.org/conda-forge/linux-64/libgcc-ng-9.3.0-h2828fa1_18.tar.bz2#5a9490c49a3505a6d19bda012cde6ad3
https://conda.anaconda.org/conda-forge/linux-64/blosc-1.21.0-h9c3ff4c_0.tar.bz2#5e815e5126c6f7e34ab4496fa1b48dca
https://conda.anaconda.org/conda-forge/linux-64/brotli-1.0.9-h9c3ff4c_4.tar.bz2#f4f75dc7038aaeb6eaae16a5ef5350b3
https://conda.anaconda.org/conda-forge/linux-64/bzip2-1.0.8-h7f98852_4.tar.bz2#a1fd65c7ccbf10880423d82bca54eb54
https://conda.anaconda.org/conda-forge/linux-64/c-ares-1.17.1-h36c2ea0_0.tar.bz2#1aa683618a2df66800d568409d6841d1
https://conda.anaconda.org/conda-forge/linux-64/charls-2.2.0-h9c3ff4c_0.tar.bz2#bc0a1a5c99af57d2821914ab074797f9
https://conda.anaconda.org/conda-forge/linux-64/double-conversion-3.1.5-he1b5a44_2.tar.bz2#5cf68ff9f8ec34254734de2b7023fd88
https://conda.anaconda.org/conda-forge/linux-64/eigen-3.3.9-h4bd325d_1.tar.bz2#385d4d5ebf8a471805df2506de5bc2cb
https://conda.anaconda.org/conda-forge/linux-64/expat-2.2.10-h9c3ff4c_0.tar.bz2#c924bc4e7ae49118f6c97bd4357fed0e
https://conda.anaconda.org/conda-forge/linux-64/giflib-5.2.1-h36c2ea0_2.tar.bz2#626e68ae9cc5912d6adb79d318cf962d
https://conda.anaconda.org/conda-forge/linux-64/gmp-6.2.1-h58526e2_0.tar.bz2#b94cf2db16066b242ebd26db2facbd56
https://conda.anaconda.org/conda-forge/linux-64/icu-68.1-h58526e2_0.tar.bz2#fc7a4271dc2a7f4fd78cd63695baf7c3
https://conda.anaconda.org/conda-forge/linux-64/jpeg-9d-h36c2ea0_0.tar.bz2#ea02ce6037dbe81803ae6123e5ba1568
https://conda.anaconda.org/conda-forge/linux-64/jsoncpp-1.9.4-h4bd325d_1.tar.bz2#f5e6d6dae3156c53a7650f4c60d93a21
https://conda.anaconda.org/conda-forge/linux-64/jxrlib-1.1-h7f98852_2.tar.bz2#8e787b08fe19986d99d034b839df2961
https://conda.anaconda.org/conda-forge/linux-64/lame-3.100-h7f98852_1001.tar.bz2#60939f1940312bba87bb2e4da5032f99
https://conda.anaconda.org/conda-forge/linux-64/lerc-2.2.1-h9c3ff4c_0.tar.bz2#ea833dcaeb9e7ac4fac521f1a7abec82
https://conda.anaconda.org/conda-forge/linux-64/libaec-1.0.4-h9c3ff4c_1.tar.bz2#90dbd3066828b76fa810578e49cef920
https://conda.anaconda.org/conda-forge/linux-64/libdeflate-1.7-h7f98852_5.tar.bz2#10e242842cd30c59c12d79371dc0f583
https://conda.anaconda.org/conda-forge/linux-64/libev-4.33-h516909a_1.tar.bz2#6f8720dff19e17ce5d48cfe7f3d2f0a3
https://conda.anaconda.org/conda-forge/linux-64/libffi-3.3-h58526e2_2.tar.bz2#665369991d8dd290ac5ee92fce3e6bf5
https://conda.anaconda.org/conda-forge/linux-64/libglu-9.0.0-he1b5a44_1001.tar.bz2#8208602aec4826053c116552369a394c
https://conda.anaconda.org/conda-forge/linux-64/libiconv-1.16-h516909a_0.tar.bz2#5c0f338a513a2943c659ae619fca9211
https://conda.anaconda.org/conda-forge/linux-64/libogg-1.3.4-h7f98852_1.tar.bz2#6e8cc2173440d77708196c5b93771680
https://conda.anaconda.org/conda-forge/linux-64/libopenblas-0.3.12-pthreads_h4812303_1.tar.bz2#2c7126a584f05e7bc8885d64dad3d21a
https://conda.anaconda.org/conda-forge/linux-64/libuuid-2.32.1-h7f98852_1000.tar.bz2#772d69f030955d9646d3d0eaf21d859d
https://conda.anaconda.org/conda-forge/linux-64/libuv-1.41.0-h7f98852_0.tar.bz2#808b41ebae1d9bd4aa8ffbc365d468c6
https://conda.anaconda.org/conda-forge/linux-64/libwebp-base-1.2.0-h7f98852_0.tar.bz2#747d8f09e5340bc40480eb765903ec97
https://conda.anaconda.org/conda-forge/linux-64/libzopfli-1.0.3-h9c3ff4c_0.tar.bz2#c66fe2d123249af7651ebde8984c51c2
https://conda.anaconda.org/conda-forge/linux-64/lz4-c-1.9.3-h9c3ff4c_0.tar.bz2#4eb64ee0d5cd43096ffcf843c76b05d4
https://conda.anaconda.org/conda-forge/linux-64/ncurses-6.2-h58526e2_4.tar.bz2#509f2a21c4a09214cd737a480dfd80c9
https://conda.anaconda.org/conda-forge/linux-64/nettle-3.6-he412f7d_0.tar.bz2#f050099af540c1c960c813b06bca89ad
https://conda.anaconda.org/conda-forge/linux-64/openssl-1.1.1j-h7f98852_0.tar.bz2#f91545bee2ac8cf86f1dc53e55a7bb2b
https://conda.anaconda.org/conda-forge/linux-64/pcre-8.44-he1b5a44_0.tar.bz2#e647d89cd5cdf62760cf283a001841ff
https://conda.anaconda.org/conda-forge/linux-64/pixman-0.40.0-h36c2ea0_0.tar.bz2#660e72c82f2e75a6b3fe6a6e75c79f19
https://conda.anaconda.org/conda-forge/linux-64/pthread-stubs-0.4-h36c2ea0_1001.tar.bz2#22dad4df6e8630e8dff2428f6f6a7036
https://conda.anaconda.org/conda-forge/linux-64/pugixml-1.11.4-h9c3ff4c_0.tar.bz2#3b6d9e8331a6d0b93f66fa1ead8dffb6
https://conda.anaconda.org/conda-forge/linux-64/snappy-1.1.8-he1b5a44_3.tar.bz2#83f1dc295c711bdbaf97e1f3bedf2f52
https://conda.anaconda.org/conda-forge/linux-64/tbb-2020.2-h4bd325d_4.tar.bz2#850df84d9b8261b73102a8fce99f820f
https://conda.anaconda.org/conda-forge/linux-64/x264-1!161.3030-h7f98852_0.tar.bz2#ccb6ae522c34d482b98afa3530f631a3
https://conda.anaconda.org/conda-forge/linux-64/xorg-kbproto-1.0.7-h7f98852_1002.tar.bz2#4b230e8381279d76131116660f5a241a
https://conda.anaconda.org/conda-forge/linux-64/xorg-libice-1.0.10-h516909a_0.tar.bz2#4dfda1ccfd0cc90c4fe6786acece9a30
https://conda.anaconda.org/conda-forge/linux-64/xorg-libxau-1.0.9-h7f98852_0.tar.bz2#bf6f803a544f26ebbdc3bfff272eb179
https://conda.anaconda.org/conda-forge/linux-64/xorg-libxdmcp-1.1.3-h7f98852_0.tar.bz2#be93aabceefa2fac576e971aef407908
https://conda.anaconda.org/conda-forge/linux-64/xorg-renderproto-0.11.1-h14c3975_1002.tar.bz2#fbcb7fa11dee1a5d3df4371cc55bb229
https://conda.anaconda.org/conda-forge/linux-64/xorg-xextproto-7.3.0-h7f98852_1002.tar.bz2#1e15f6ad85a7d743a2ac68dae6c82b98
https://conda.anaconda.org/conda-forge/linux-64/xorg-xproto-7.0.31-h7f98852_1007.tar.bz2#b4a4381d54784606820704f7b5f05a15
https://conda.anaconda.org/conda-forge/linux-64/xz-5.2.5-h516909a_1.tar.bz2#33f601066901f3e1a85af3522a8113f9
https://conda.anaconda.org/conda-forge/linux-64/yaml-0.2.5-h516909a_0.tar.bz2#03a530e925414902547cf48da7756db8
https://conda.anaconda.org/conda-forge/linux-64/zfp-0.5.5-h9c3ff4c_4.tar.bz2#d93d7bb8ec66c5530ee3b6b4ec52b354
https://conda.anaconda.org/conda-forge/linux-64/zlib-1.2.11-h516909a_1010.tar.bz2#339cc5584e6d26bc73a875ba900028c3
https://conda.anaconda.org/conda-forge/linux-64/brunsli-0.1-h9c3ff4c_0.tar.bz2#c1ac6229d0bfd14f8354ff9ad2a26cad
https://conda.anaconda.org/conda-forge/linux-64/gettext-0.19.8.1-h0b5b191_1005.tar.bz2#ff6f69b593a9e74c0e6b61908ac513fa
https://conda.anaconda.org/conda-forge/linux-64/gnutls-3.6.13-h85f3911_1.tar.bz2#7d1b6fff16c1431d96cb4934938799fd
https://conda.anaconda.org/conda-forge/linux-64/hdf4-4.2.13-h10796ff_1004.tar.bz2#aa1b96c7801b4876bb40f46f4d519836
https://conda.anaconda.org/conda-forge/linux-64/libblas-3.9.0-8_openblas.tar.bz2#95cee6371a5b901797075040941171f3
https://conda.anaconda.org/conda-forge/linux-64/libedit-3.1.20191231-he28a2e2_2.tar.bz2#4d331e44109e3f0e19b4cb8f9b82f3e1
https://conda.anaconda.org/conda-forge/linux-64/libnghttp2-1.43.0-h812cca2_0.tar.bz2#1867d1e9658596b3fac8847a7702eef4
https://conda.anaconda.org/conda-forge/linux-64/libpng-1.6.37-h21135ba_2.tar.bz2#b6acf807307d033d4b7e758b4f44b036
https://conda.anaconda.org/conda-forge/linux-64/libssh2-1.9.0-hab1572f_5.tar.bz2#18aaa1bd2238ae2b5e89591046973123
https://conda.anaconda.org/conda-forge/linux-64/libvorbis-1.3.7-h9c3ff4c_0.tar.bz2#309dec04b70a3cc0f1e84a4013683bc0
https://conda.anaconda.org/conda-forge/linux-64/libxcb-1.13-h7f98852_1003.tar.bz2#a9371e9e40aded194dcba1447606c9a1
https://conda.anaconda.org/conda-forge/linux-64/libxml2-2.9.10-h72842e0_3.tar.bz2#5ed2c4742d5f1141783f484fe8974ccf
https://conda.anaconda.org/conda-forge/linux-64/mpfr-4.0.2-he80fd80_1.tar.bz2#36b97844b2c0121c7913c64313f985f0
https://conda.anaconda.org/conda-forge/linux-64/openh264-2.1.1-h780b84a_0.tar.bz2#034a6f90f1bbc7ba11d04b84ec9d74c8
https://conda.anaconda.org/conda-forge/linux-64/readline-8.0-he28a2e2_2.tar.bz2#4d0ae8d473f863696088f76800ef9d38
https://conda.anaconda.org/conda-forge/linux-64/tbb-devel-2020.2-h4bd325d_4.tar.bz2#678ce1182271b5b039c78190c4a7fde9
https://conda.anaconda.org/conda-forge/linux-64/tk-8.6.10-h21135ba_1.tar.bz2#c647f70aa7e3d4cc4e029cc1c9a99953
https://conda.anaconda.org/conda-forge/linux-64/xorg-libsm-1.2.3-h84519dc_1000.tar.bz2#56cc238b81624db9e3e36b2b6a482cc1
https://conda.anaconda.org/conda-forge/linux-64/zstd-1.4.8-ha95c52a_1.tar.bz2#ed4dbbaf7d81423678632bf982f45ede
https://conda.anaconda.org/conda-forge/linux-64/boost-cpp-1.74.0-hc6e9bd1_2.tar.bz2#eca3e3674bf1f00fcddd63e6668fd9dd
https://conda.anaconda.org/conda-forge/linux-64/freetype-2.10.4-h0708190_1.tar.bz2#4a06f2ac2e5bfae7b6b245171c3f07aa
https://conda.anaconda.org/conda-forge/linux-64/gl2ps-1.4.2-h0708190_0.tar.bz2#438718bf8921ac70956d919d0e2cc487
https://conda.anaconda.org/conda-forge/linux-64/krb5-1.17.2-h926e7f8_0.tar.bz2#926325c11478d6e781e76072c117763b
https://conda.anaconda.org/conda-forge/linux-64/libcblas-3.9.0-8_openblas.tar.bz2#d8e2151683bc12acffedea26eba27e0f
https://conda.anaconda.org/conda-forge/linux-64/libglib-2.66.7-h3e27bee_1.tar.bz2#dd273cc3560177ab37be0db469368bba
https://conda.anaconda.org/conda-forge/linux-64/liblapack-3.9.0-8_openblas.tar.bz2#9a860887c77e923c2807c715a7731fb8
https://conda.anaconda.org/conda-forge/linux-64/libtheora-1.1.1-h516909a_1004.tar.bz2#c3107718075b814ea81192f0770eaffc
https://conda.anaconda.org/conda-forge/linux-64/libtiff-4.2.0-hdc55705_0.tar.bz2#f1406324f1d02fa26447a0a0f2dd0107
https://conda.anaconda.org/conda-forge/linux-64/mpc-1.1.0-h04dde30_1009.tar.bz2#04a83b86c244fd8fe557a24e50b0028e
https://conda.anaconda.org/conda-forge/linux-64/sqlite-3.34.0-h74cdb3f_0.tar.bz2#0a83e21e8c1929cc9a1e21ebb2459fc5
https://conda.anaconda.org/conda-forge/linux-64/xorg-libx11-1.6.12-h516909a_0.tar.bz2#cdea71c3e27611e012419faea02c56bd
https://conda.anaconda.org/conda-forge/linux-64/ffmpeg-4.3.1-hca11adc_2.tar.bz2#94b778570f9a32e630701de15e9c7abb
https://conda.anaconda.org/conda-forge/linux-64/fontconfig-2.13.1-hba837de_1004.tar.bz2#bbe61e6ae39440dd101d77bf80ffc2cd
https://conda.anaconda.org/conda-forge/linux-64/lcms2-2.12-hddcbb42_0.tar.bz2#797117394a4aa588de6d741b06fad80f
https://conda.anaconda.org/conda-forge/linux-64/libcurl-7.71.1-hcdd3856_8.tar.bz2#2c81fb9f0d82c04b08617fc73eb615af
https://conda.anaconda.org/conda-forge/linux-64/openjpeg-2.4.0-hf7af979_0.tar.bz2#f677c4652b03ed5d1352bf976be7192c
https://conda.anaconda.org/conda-forge/linux-64/python-3.7.10-hffdb5ce_100_cpython.tar.bz2#7425fffa658971915f595e9110163c3c
https://conda.anaconda.org/conda-forge/linux-64/xorg-libxext-1.3.4-h516909a_0.tar.bz2#aba40ec20012e0a2641ced275a0abdca
https://conda.anaconda.org/conda-forge/linux-64/xorg-libxrender-0.9.10-h516909a_1002.tar.bz2#bf3514891c6743ed808602fa9f4f1508
https://conda.anaconda.org/conda-forge/linux-64/xorg-libxt-1.2.1-h7f98852_0.tar.bz2#5a47e4be69652031196b38dab6dfd569
https://conda.anaconda.org/conda-forge/noarch/appdirs-1.4.4-pyh9f0ad1d_0.tar.bz2#5f095bc6454094e96f146491fd03633b
https://conda.anaconda.org/conda-forge/linux-64/cairo-1.16.0-h7979940_1007.tar.bz2#651e79d89442d08d06b9359330379fcb
https://conda.anaconda.org/conda-forge/noarch/click-7.1.2-pyh9f0ad1d_0.tar.bz2#bd50a970ce07e660c319fdc4d730d3f1
https://conda.anaconda.org/conda-forge/noarch/cloudpickle-1.6.0-py_0.tar.bz2#76d764d8881719e305f6fa368dc2b65e
https://conda.anaconda.org/conda-forge/linux-64/curl-7.71.1-he644dc0_8.tar.bz2#7fadfa44182e1cc0dbbe0c169c0b15cc
https://conda.anaconda.org/conda-forge/noarch/decorator-4.4.2-py_0.tar.bz2#d2eabb9cabd212e1ec6a9463bd846243
https://conda.anaconda.org/conda-forge/linux-64/glew-2.1.0-h9c3ff4c_2.tar.bz2#fb05eb5c47590b247658243d27fc32f1
https://conda.anaconda.org/conda-forge/noarch/h11-0.12.0-pyhd8ed1ab_0.tar.bz2#a8c3c313e5339029946b66070cf24b39
https://conda.anaconda.org/conda-forge/linux-64/hdf5-1.10.6-nompi_h6a2412b_1114.tar.bz2#0a2984b78f51148d7ff6219abe73509e
https://conda.anaconda.org/conda-forge/noarch/idna-2.10-pyh9f0ad1d_0.tar.bz2#f95a12b4f435aae6680fe55ae2eb1b06
https://conda.anaconda.org/conda-forge/noarch/itsdangerous-1.1.0-py_0.tar.bz2#8afda875561afffed1115fd247fdd61e
https://conda.anaconda.org/conda-forge/noarch/mpmath-1.2.1-pyhd8ed1ab_0.tar.bz2#9b06ebbd24f7c60ba5a29117c528514e
https://conda.anaconda.org/conda-forge/noarch/olefile-0.46-pyh9f0ad1d_1.tar.bz2#0b2e68acc8c78c8cc392b90983481f58
https://conda.anaconda.org/conda-forge/linux-64/proj-7.2.0-h277dcde_2.tar.bz2#db654ee11298d3463bad67445707654c
https://conda.anaconda.org/conda-forge/noarch/pycparser-2.20-pyh9f0ad1d_2.tar.bz2#aa798d50ffd182a0f6f31478c7f434f6
https://conda.anaconda.org/conda-forge/noarch/pyparsing-2.4.7-pyh9f0ad1d_0.tar.bz2#626c4f20d5bf06dcec9cf2eaa31725c7
https://conda.anaconda.org/conda-forge/linux-64/python_abi-3.7-1_cp37m.tar.bz2#658a5c3d766bfc6574480204b10a6f20
https://conda.anaconda.org/conda-forge/noarch/pytz-2021.1-pyhd8ed1ab_0.tar.bz2#3af2e9424d5eb0063824a3f9b850d411
https://conda.anaconda.org/conda-forge/noarch/six-1.15.0-pyh9f0ad1d_0.tar.bz2#1eec421f0f1f39e579e44e4a5ce646a2
https://conda.anaconda.org/conda-forge/noarch/soupsieve-2.0.1-py_1.tar.bz2#aa1db70848c19bace567ba39a157f508
https://conda.anaconda.org/conda-forge/noarch/starlette-base-0.13.6-py_0.tar.bz2#4048417a60cd022ce5c1badb0a2e11dd
https://conda.anaconda.org/conda-forge/noarch/tabulate-0.8.9-pyhd8ed1ab_0.tar.bz2#ee657dbe69e892aeccde7cabb4edf261
https://conda.anaconda.org/conda-forge/noarch/threadpoolctl-2.1.0-pyh5ca1d4c_0.tar.bz2#9eb32b63458380aa3804de519b6e5749
https://conda.anaconda.org/conda-forge/noarch/toolz-0.11.1-py_0.tar.bz2#d1e66b58cb00b3817ad9f05eec098c00
https://conda.anaconda.org/conda-forge/noarch/tqdm-4.58.0-pyhd8ed1ab_0.tar.bz2#f92f0f1f03f39c011f89f7434e654dc5
https://conda.anaconda.org/conda-forge/noarch/typing_extensions-3.7.4.3-py_0.tar.bz2#12b96e382730541a4b332420227055ae
https://conda.anaconda.org/conda-forge/noarch/watchgod-0.6-py_0.tar.bz2#4499434e6002bd82fdd50a76ea2c7b2c
https://conda.anaconda.org/conda-forge/noarch/werkzeug-1.0.1-pyh9f0ad1d_0.tar.bz2#a9f0ed0e6ba014c4e42543bda09e0035
https://conda.anaconda.org/conda-forge/noarch/wheel-0.36.2-pyhd3deb0d_0.tar.bz2#768bfbe026426d0e76b377997d1f2b98
https://conda.anaconda.org/conda-forge/noarch/beautifulsoup4-4.9.3-pyhb0f4dca_0.tar.bz2#d243a293d7303ab6195d96ce8c16b1cb
https://conda.anaconda.org/conda-forge/linux-64/certifi-2020.12.5-py37h89c1867_1.tar.bz2#fb121f213009359498ada17a9e6d775f
https://conda.anaconda.org/conda-forge/linux-64/cffi-1.14.5-py37hc58025e_0.tar.bz2#e05f1fad0c52c21b6b92778d31f89cd0
https://conda.anaconda.org/conda-forge/linux-64/chardet-4.0.0-py37h89c1867_1.tar.bz2#f4fbd4721b80f0d6b53b3a3374914068
https://conda.anaconda.org/conda-forge/noarch/cycler-0.10.0-py_2.tar.bz2#f6d7c7e6d8f42cbbec7e07a8d879f91c
https://conda.anaconda.org/conda-forge/linux-64/cython-0.29.22-py37hcd2ae1e_0.tar.bz2#aa84cebadc6e8b64073536e65c5580b3
https://conda.anaconda.org/conda-forge/linux-64/cytoolz-0.11.0-py37h5e8e339_3.tar.bz2#2e89a6f3baf5eeb13763f61ea3d0601f
https://conda.anaconda.org/conda-forge/linux-64/docutils-0.16-py37h89c1867_3.tar.bz2#3da23bcf1d502670cec18fd3a04f409b
https://conda.anaconda.org/conda-forge/linux-64/gmpy2-2.1.0b1-py37hcb968a4_1.tar.bz2#59c7fc2510a5872e5afef871d2a4b80c
https://conda.anaconda.org/conda-forge/linux-64/httptools-0.1.1-py37h5e8e339_2.tar.bz2#5084d3e336aae24a61be890c0e491eaf
https://conda.anaconda.org/conda-forge/linux-64/kiwisolver-1.3.1-py37h2527ec5_1.tar.bz2#61149814e0ea71cb5b44881c65d25f7b
https://conda.anaconda.org/conda-forge/linux-64/libnetcdf-4.7.4-nompi_h56d31a8_107.tar.bz2#ef3d349e818876a175de7d87bd6451df
https://conda.anaconda.org/conda-forge/linux-64/loguru-0.5.3-py37hc8dfbb8_2.tar.bz2#5c612e6870280b1338b25cf1432a9a8d
https://conda.anaconda.org/conda-forge/linux-64/markupsafe-1.1.1-py37h5e8e339_3.tar.bz2#b874d44750373553008083116442c972
https://conda.anaconda.org/conda-forge/noarch/monty-4.0.2-pyh9f0ad1d_0.tar.bz2#7970a5430731d16bec942339e28ead1b
https://conda.anaconda.org/conda-forge/linux-64/numpy-1.19.5-py37haa41c4c_1.tar.bz2#429d4557241cc4c1a7f190c2b858ac62
https://conda.anaconda.org/conda-forge/noarch/packaging-20.9-pyh44b312d_0.tar.bz2#be69a38e912054a62dc82cc3c7711a64
https://conda.anaconda.org/conda-forge/linux-64/pillow-8.1.1-py37h4600e1f_0.tar.bz2#f6bddb8553c90503080bbc6fed99c259
https://conda.anaconda.org/conda-forge/linux-64/pycairo-1.20.0-py37h01af8b0_1.tar.bz2#320584d26b3204c3e54092ba99ad67ae
https://conda.anaconda.org/conda-forge/linux-64/pysocks-1.7.1-py37h89c1867_3.tar.bz2#bd069d59ee91a2e26552cd7bb4c64032
https://conda.anaconda.org/conda-forge/noarch/python-dateutil-2.8.1-py_0.tar.bz2#0d0150ed9c2d25817f5324108d3f7571
https://conda.anaconda.org/conda-forge/noarch/python-dotenv-0.15.0-pyhd8ed1ab_0.tar.bz2#699421f15243c4528c66568916466c08
https://conda.anaconda.org/conda-forge/noarch/python-multipart-0.0.5-py_0.tar.bz2#a422cf8aedde18e7037cad6496adcd4b
https://conda.anaconda.org/conda-forge/linux-64/pyyaml-5.4.1-py37h5e8e339_0.tar.bz2#090550b9425fe9a87dc1ec7fde201633
https://conda.anaconda.org/conda-forge/noarch/retrying-1.3.3-py_2.tar.bz2#a11f356d6f93b74b4a84e9501afd48b4
https://conda.anaconda.org/conda-forge/linux-64/ruamel.yaml.clib-0.2.2-py37h5e8e339_2.tar.bz2#4211f3b208e9b1c87a5ccf34775f126b
https://conda.anaconda.org/conda-forge/linux-64/sqlalchemy-1.3.23-py37h5e8e339_0.tar.bz2#a44874c02cf4967a3052009bf31bb3da
https://conda.anaconda.org/conda-forge/linux-64/tornado-6.1-py37h5e8e339_1.tar.bz2#92449128c4639feae48d731ef2186099
https://conda.anaconda.org/conda-forge/noarch/typing-extensions-3.7.4.3-0.tar.bz2#36bdcdb4c2bf1efb987f2e9e80f4c9a6
https://conda.anaconda.org/conda-forge/noarch/tzlocal-2.1-pyh9f0ad1d_0.tar.bz2#9d16668487f3fd44290d9fdbbd25b283
https://conda.anaconda.org/conda-forge/linux-64/uvloop-0.15.2-py37h5e8e339_0.tar.bz2#250384fbea250a4922b59e2f835d8f2c
https://conda.anaconda.org/conda-forge/linux-64/websockets-8.1-py37h5e8e339_3.tar.bz2#fd3ee4091545bd9acd265b49be1d40c0
https://conda.anaconda.org/conda-forge/linux-64/boost-1.74.0-py37h6dcda5c_3.tar.bz2#9d0521327c82490693fc975239d475fa
https://conda.anaconda.org/conda-forge/linux-64/brotlipy-0.7.0-py37h5e8e339_1001.tar.bz2#871eed4ba322e7b3f200956a096b34e7
https://conda.anaconda.org/conda-forge/linux-64/cftime-1.4.1-py37h902c9e0_0.tar.bz2#8ebdfca0cb2576e0c0c8aabd1dbf3e6b
https://conda.anaconda.org/conda-forge/linux-64/cryptography-3.4.4-py37hf1a17b8_0.tar.bz2#7df98bae15827ec0489f7c44cb22dbeb
https://conda.anaconda.org/conda-forge/noarch/dask-core-2021.2.0-pyhd8ed1ab_0.tar.bz2#55e9ec3fa2b40d163f062977c7fee870
https://conda.anaconda.org/conda-forge/linux-64/imagecodecs-2021.1.28-py37h1985380_0.tar.bz2#abf7f82df688a025d3d87b14fde29e61
https://conda.anaconda.org/conda-forge/noarch/imageio-2.9.0-py_0.tar.bz2#62ad9e579278e777d4abaa8c9312b6a7
https://conda.anaconda.org/omnia/linux-64/openmm-7.4.2-py37_cuda101_rc_1.tar.bz2#de18507b7598af84d49c998e0b04431e
https://conda.anaconda.org/conda-forge/linux-64/pandas-1.2.3-py37hdc94413_0.tar.bz2#8cdd0ddcc9d5340ab8ecea82747bb1c9
https://conda.anaconda.org/conda-forge/linux-64/pydantic-1.8-py37h5e8e339_1.tar.bz2#a3f2756be4d7fb5c7691e3cef23f9c12
https://conda.anaconda.org/conda-forge/linux-64/pywavelets-1.1.1-py37h902c9e0_3.tar.bz2#104648a5a091a493046a62704eef5c49
https://conda.anaconda.org/conda-forge/linux-64/reportlab-3.5.60-py37h69800bb_0.tar.bz2#95aac19ffb5db906a94ca085abfdfaea
https://conda.anaconda.org/conda-forge/linux-64/scipy-1.6.0-py37h14a347d_0.tar.bz2#fe9b5f9c53e6e49bd71d6ad25fac18e7
https://conda.anaconda.org/conda-forge/linux-64/setuptools-49.6.0-py37h89c1867_3.tar.bz2#928c178bf6805b8ab71fabaa620e0234
https://conda.anaconda.org/conda-forge/linux-64/spglib-1.16.1-py37h902c9e0_0.tar.bz2#ff28f72e39c01cdd1922c55bd580c5d8
https://conda.anaconda.org/conda-forge/linux-64/sympy-1.7.1-py37h89c1867_1.tar.bz2#0d5aa9f8d1bd797ec689f580432c761f
https://conda.anaconda.org/conda-forge/linux-64/uvicorn-0.13.4-py37h89c1867_0.tar.bz2#e554133d51fdbb1a59b5be6c2cab7e5d
https://conda.anaconda.org/conda-forge/linux-64/vtk-9.0.1-no_osmesa_py37hd45ff58_104.tar.bz2#9ba039f7307e99dba1258c9451df60a9
https://conda.anaconda.org/conda-forge/linux-64/apscheduler-3.6.3-py37h89c1867_3.tar.bz2#1884c3da7e530dad386dacfbb736cd91
https://conda.anaconda.org/conda-forge/noarch/fastapi-0.63.0-pyhd8ed1ab_0.tar.bz2#711d4fa5bc5de329873dc384a67ab984
https://conda.anaconda.org/conda-forge/noarch/jinja2-2.11.3-pyh44b312d_0.tar.bz2#1d4c3605d85a3655b1595e0694138eb6
https://conda.anaconda.org/conda-forge/noarch/joblib-1.0.1-pyhd8ed1ab_0.tar.bz2#27d5ed1aaf2bbb5a0cc307a12d8e032f
https://conda.anaconda.org/conda-forge/linux-64/matplotlib-base-3.3.4-py37h0c9df89_0.tar.bz2#55cf4f52dea2415649f0dd15d4b8970c
https://conda.anaconda.org/conda-forge/linux-64/netcdf4-1.5.6-nompi_py37hdbee05a_100.tar.bz2#a8c31d11f594c8b5dc7c788f76851eb2
https://conda.anaconda.org/conda-forge/noarch/networkx-2.5-py_0.tar.bz2#d836ad8453c22192357707026ca21653
https://conda.anaconda.org/conda-forge/noarch/palettable-3.3.0-py_0.tar.bz2#a6c85d491cb6a9fbf429d3ffc9bebb39
https://conda.anaconda.org/omnia/noarch/pdbfixer-1.6-py_1.tar.bz2#381b234952eaf8f282099ffeb72e74f6
https://conda.anaconda.org/conda-forge/noarch/pip-20.2.4-py_0.tar.bz2#d2c0e7b7ca15440dc445e725f1e79ccf
https://conda.anaconda.org/conda-forge/noarch/plotly-4.14.3-pyh44b312d_0.tar.bz2#9526a7740d7abe3e1592d35798b168c5
https://conda.anaconda.org/conda-forge/noarch/pygments-2.8.0-pyhd8ed1ab_0.tar.bz2#226cd14ba0554ca2648fecd11090f473
https://conda.anaconda.org/conda-forge/noarch/pyopenssl-20.0.1-pyhd8ed1ab_0.tar.bz2#92371c25994d0f5d28a01c1fb75ebf86
https://conda.anaconda.org/conda-forge/linux-64/ruamel.yaml-0.16.12-py37h5e8e339_2.tar.bz2#93d2ddcc1fd02bd503c2206027576b5e
https://conda.anaconda.org/conda-forge/noarch/tifffile-2021.2.26-pyhd8ed1ab_0.tar.bz2#ceb06e144ad519f6fc6900c21b05baa5
https://conda.anaconda.org/conda-forge/noarch/flask-1.1.2-pyh9f0ad1d_0.tar.bz2#721f9fc33930d8deec05a746dd1be3b8
https://conda.anaconda.org/omnia/linux-64/pybtex-0.18-py37_0.tar.bz2#78717b63f3f941c63223335a861adddb
https://conda.anaconda.org/conda-forge/linux-64/rdkit-2020.09.5-py37he53b9e1_0.tar.bz2#3e069e534017af6b3d0dde0e5a8ddde4
https://conda.anaconda.org/conda-forge/linux-64/scikit-learn-0.24.1-py37h69acf81_0.tar.bz2#5ae5e2cf0695bb8e41092d93c67745fd
https://conda.anaconda.org/conda-forge/noarch/urllib3-1.26.3-pyhd8ed1ab_0.tar.bz2#25573e57774dd54cfa848e5dd44503ed
https://conda.anaconda.org/conda-forge/noarch/ase-3.21.1-pyhd8ed1ab_0.tar.bz2#35aba941328fb38dee5648da88e9a203
https://conda.anaconda.org/conda-forge/noarch/requests-2.25.1-pyhd3deb0d_0.tar.bz2#ae687aba31a1c400192a86a2e993ffdc
https://conda.anaconda.org/conda-forge/noarch/pooch-1.3.0-pyhd8ed1ab_0.tar.bz2#7041d42601fe3de878565ca84c952237
https://conda.anaconda.org/conda-forge/linux-64/pymatgen-2020.4.29-py37h99015e2_0.tar.bz2#905fa9bf0e57f95bc6a8a2bf426d48f8
https://conda.anaconda.org/conda-forge/linux-64/scikit-image-0.18.1-py37hdc94413_0.tar.bz2#3348b3eb7417d40f2f2b55614e4266e4
